<?xml version="1.0" encoding="UTF-8" standalone="yes" ?>
<CodeBlocks_project_file>
	<FileVersion major="1" minor="6" />
	<Project>
		<Option title="Arena Shooter" />
		<Option platforms="Windows;" />
		<Option pch_mode="2" />
		<Option compiler="gcc" />
		<Build>
			<Target title="Debug">
				<Option output="bin/Debug/Arena Shooter" prefix_auto="1" extension_auto="1" />
				<Option object_output="obj/Debug/" />
				<Option type="1" />
				<Option compiler="gcc" />
				<Compiler>
					<Add option="-g" />
				</Compiler>
				<Linker>
					<Add library="sfml-audio-d" />
					<Add library="sfml-graphics-d" />
					<Add library="sfml-window-d" />
					<Add library="sfml-network-d" />
					<Add library="sfml-system-d" />
				</Linker>
				<ExtraCommands>
					<Add after='cmd /c xcopy &quot;$(PROJECT_DIR)\dll\debug&quot; &quot;$(PROJECT_DIR)\bin\Debug\&quot; /e /i /h /y' />
					<Mode after="always" />
				</ExtraCommands>
			</Target>
			<Target title="Release">
				<Option output="bin/Release/Arena Shooter" prefix_auto="1" extension_auto="1" />
				<Option object_output="obj/Release/" />
				<Option type="0" />
				<Option compiler="gcc" />
				<Compiler>
					<Add option="-O2" />
				</Compiler>
				<Linker>
					<Add option="-s" />
					<Add library="sfml-audio" />
					<Add library="sfml-graphics" />
					<Add library="sfml-window" />
					<Add library="sfml-network" />
					<Add library="sfml-system" />
				</Linker>
				<ExtraCommands>
					<Add after='cmd /c xcopy &quot;$(PROJECT_DIR)\dll\release&quot; &quot;$(PROJECT_DIR)\bin\Release&quot; /e /i /h /y' />
					<Mode after="always" />
				</ExtraCommands>
			</Target>
		</Build>
		<Compiler>
			<Add option="-Wall" />
			<Add option="-fexceptions" />
			<Add directory="extlibs/SFML2/include" />
			<Add directory="src" />
			<Add directory="include" />
			<Add directory="dll" />
			<Add directory="dll/release" />
			<Add directory="dll/debug" />
		</Compiler>
		<Linker>
			<Add directory="extlibs/SFML2/lib" />
			<Add directory="src" />
			<Add directory="include" />
			<Add directory="dll" />
			<Add directory="dll/release" />
			<Add directory="dll/debug" />
		</Linker>
		<ExtraCommands>
			<Add after='cmd /c xcopy &quot;$(PROJECT_DIR)\data&quot; &quot;$(PROJECT_DIR)\bin\Debug\data&quot; /e /i /h /y' />
			<Add after='cmd /c xcopy &quot;$(PROJECT_DIR)\data&quot; &quot;$(PROJECT_DIR)\bin\Release\data&quot; /e /i /h /y' />
			<Mode after="always" />
		</ExtraCommands>
		<Unit filename="bin/Debug/data/textures/Bullet.png" />
		<Unit filename="bin/Debug/data/textures/Enemy1.png" />
		<Unit filename="bin/Debug/data/textures/Enemy12.png" />
		<Unit filename="bin/Debug/data/textures/Enemy2.png" />
		<Unit filename="bin/Debug/data/textures/Enemy3.png" />
		<Unit filename="bin/Debug/data/textures/Error.png" />
		<Unit filename="bin/Debug/data/textures/Floor.png" />
		<Unit filename="bin/Debug/data/textures/OldPlayer.png" />
		<Unit filename="bin/Debug/data/textures/Player.png" />
		<Unit filename="bin/Debug/data/textures/samplespaceships.png" />
		<Unit filename="bin/Release/data/textures/Bullet.png" />
		<Unit filename="bin/Release/data/textures/Enemy1.png" />
		<Unit filename="bin/Release/data/textures/Enemy12.png" />
		<Unit filename="bin/Release/data/textures/Enemy2.png" />
		<Unit filename="bin/Release/data/textures/Enemy3.png" />
		<Unit filename="bin/Release/data/textures/Error.png" />
		<Unit filename="bin/Release/data/textures/Floor.png" />
		<Unit filename="bin/Release/data/textures/OldPlayer.png" />
		<Unit filename="bin/Release/data/textures/Player.png" />
		<Unit filename="bin/Release/data/textures/samplespaceships.png" />
		<Unit filename="data/textures/Bullet.png" />
		<Unit filename="data/textures/Enemy1.png" />
		<Unit filename="data/textures/Enemy2.png" />
		<Unit filename="data/textures/Enemy3.png" />
		<Unit filename="data/textures/Error.png" />
		<Unit filename="data/textures/Floor.png" />
		<Unit filename="data/textures/OldPlayer.png" />
		<Unit filename="data/textures/Player.png" />
		<Unit filename="data/textures/samplespaceships.png" />
		<Unit filename="extlibs/SFML2/include/SFML/Audio.hpp" />
		<Unit filename="extlibs/SFML2/include/SFML/Audio/Export.hpp" />
		<Unit filename="extlibs/SFML2/include/SFML/Audio/Listener.hpp" />
		<Unit filename="extlibs/SFML2/include/SFML/Audio/Music.hpp" />
		<Unit filename="extlibs/SFML2/include/SFML/Audio/Sound.hpp" />
		<Unit filename="extlibs/SFML2/include/SFML/Audio/SoundBuffer.hpp" />
		<Unit filename="extlibs/SFML2/include/SFML/Audio/SoundBufferRecorder.hpp" />
		<Unit filename="extlibs/SFML2/include/SFML/Audio/SoundRecorder.hpp" />
		<Unit filename="extlibs/SFML2/include/SFML/Audio/SoundSource.hpp" />
		<Unit filename="extlibs/SFML2/include/SFML/Audio/SoundStream.hpp" />
		<Unit filename="extlibs/SFML2/include/SFML/Config.hpp" />
		<Unit filename="extlibs/SFML2/include/SFML/Graphics.hpp" />
		<Unit filename="extlibs/SFML2/include/SFML/Graphics/BlendMode.hpp" />
		<Unit filename="extlibs/SFML2/include/SFML/Graphics/CircleShape.hpp" />
		<Unit filename="extlibs/SFML2/include/SFML/Graphics/Color.hpp" />
		<Unit filename="extlibs/SFML2/include/SFML/Graphics/ConvexShape.hpp" />
		<Unit filename="extlibs/SFML2/include/SFML/Graphics/Drawable.hpp" />
		<Unit filename="extlibs/SFML2/include/SFML/Graphics/Export.hpp" />
		<Unit filename="extlibs/SFML2/include/SFML/Graphics/Font.hpp" />
		<Unit filename="extlibs/SFML2/include/SFML/Graphics/Glyph.hpp" />
		<Unit filename="extlibs/SFML2/include/SFML/Graphics/Image.hpp" />
		<Unit filename="extlibs/SFML2/include/SFML/Graphics/PrimitiveType.hpp" />
		<Unit filename="extlibs/SFML2/include/SFML/Graphics/Rect.hpp" />
		<Unit filename="extlibs/SFML2/include/SFML/Graphics/RectangleShape.hpp" />
		<Unit filename="extlibs/SFML2/include/SFML/Graphics/RenderStates.hpp" />
		<Unit filename="extlibs/SFML2/include/SFML/Graphics/RenderTarget.hpp" />
		<Unit filename="extlibs/SFML2/include/SFML/Graphics/RenderTexture.hpp" />
		<Unit filename="extlibs/SFML2/include/SFML/Graphics/RenderWindow.hpp" />
		<Unit filename="extlibs/SFML2/include/SFML/Graphics/Shader.hpp" />
		<Unit filename="extlibs/SFML2/include/SFML/Graphics/Shape.hpp" />
		<Unit filename="extlibs/SFML2/include/SFML/Graphics/Sprite.hpp" />
		<Unit filename="extlibs/SFML2/include/SFML/Graphics/Text.hpp" />
		<Unit filename="extlibs/SFML2/include/SFML/Graphics/Texture.hpp" />
		<Unit filename="extlibs/SFML2/include/SFML/Graphics/Transform.hpp" />
		<Unit filename="extlibs/SFML2/include/SFML/Graphics/Transformable.hpp" />
		<Unit filename="extlibs/SFML2/include/SFML/Graphics/Vertex.hpp" />
		<Unit filename="extlibs/SFML2/include/SFML/Graphics/VertexArray.hpp" />
		<Unit filename="extlibs/SFML2/include/SFML/Graphics/View.hpp" />
		<Unit filename="extlibs/SFML2/include/SFML/Network.hpp" />
		<Unit filename="extlibs/SFML2/include/SFML/Network/Export.hpp" />
		<Unit filename="extlibs/SFML2/include/SFML/Network/Ftp.hpp" />
		<Unit filename="extlibs/SFML2/include/SFML/Network/Http.hpp" />
		<Unit filename="extlibs/SFML2/include/SFML/Network/IpAddress.hpp" />
		<Unit filename="extlibs/SFML2/include/SFML/Network/Packet.hpp" />
		<Unit filename="extlibs/SFML2/include/SFML/Network/Socket.hpp" />
		<Unit filename="extlibs/SFML2/include/SFML/Network/SocketHandle.hpp" />
		<Unit filename="extlibs/SFML2/include/SFML/Network/SocketSelector.hpp" />
		<Unit filename="extlibs/SFML2/include/SFML/Network/TcpListener.hpp" />
		<Unit filename="extlibs/SFML2/include/SFML/Network/TcpSocket.hpp" />
		<Unit filename="extlibs/SFML2/include/SFML/Network/UdpSocket.hpp" />
		<Unit filename="extlibs/SFML2/include/SFML/OpenGL.hpp" />
		<Unit filename="extlibs/SFML2/include/SFML/System.hpp" />
		<Unit filename="extlibs/SFML2/include/SFML/System/Clock.hpp" />
		<Unit filename="extlibs/SFML2/include/SFML/System/Err.hpp" />
		<Unit filename="extlibs/SFML2/include/SFML/System/Export.hpp" />
		<Unit filename="extlibs/SFML2/include/SFML/System/InputStream.hpp" />
		<Unit filename="extlibs/SFML2/include/SFML/System/Lock.hpp" />
		<Unit filename="extlibs/SFML2/include/SFML/System/Mutex.hpp" />
		<Unit filename="extlibs/SFML2/include/SFML/System/NonCopyable.hpp" />
		<Unit filename="extlibs/SFML2/include/SFML/System/Sleep.hpp" />
		<Unit filename="extlibs/SFML2/include/SFML/System/String.hpp" />
		<Unit filename="extlibs/SFML2/include/SFML/System/Thread.hpp" />
		<Unit filename="extlibs/SFML2/include/SFML/System/ThreadLocal.hpp" />
		<Unit filename="extlibs/SFML2/include/SFML/System/ThreadLocalPtr.hpp" />
		<Unit filename="extlibs/SFML2/include/SFML/System/Time.hpp" />
		<Unit filename="extlibs/SFML2/include/SFML/System/Utf.hpp" />
		<Unit filename="extlibs/SFML2/include/SFML/System/Vector2.hpp" />
		<Unit filename="extlibs/SFML2/include/SFML/System/Vector3.hpp" />
		<Unit filename="extlibs/SFML2/include/SFML/Window.hpp" />
		<Unit filename="extlibs/SFML2/include/SFML/Window/Context.hpp" />
		<Unit filename="extlibs/SFML2/include/SFML/Window/ContextSettings.hpp" />
		<Unit filename="extlibs/SFML2/include/SFML/Window/Event.hpp" />
		<Unit filename="extlibs/SFML2/include/SFML/Window/Export.hpp" />
		<Unit filename="extlibs/SFML2/include/SFML/Window/GlResource.hpp" />
		<Unit filename="extlibs/SFML2/include/SFML/Window/Joystick.hpp" />
		<Unit filename="extlibs/SFML2/include/SFML/Window/Keyboard.hpp" />
		<Unit filename="extlibs/SFML2/include/SFML/Window/Mouse.hpp" />
		<Unit filename="extlibs/SFML2/include/SFML/Window/VideoMode.hpp" />
		<Unit filename="extlibs/SFML2/include/SFML/Window/Window.hpp" />
		<Unit filename="extlibs/SFML2/include/SFML/Window/WindowHandle.hpp" />
		<Unit filename="extlibs/SFML2/include/SFML/Window/WindowStyle.hpp" />
		<Unit filename="include/AnimatedSprite.hpp" />
		<Unit filename="include/Animation.hpp" />
		<Unit filename="include/Arena.hpp" />
		<Unit filename="include/Bullet.hpp" />
		<Unit filename="include/BulletManager.hpp" />
		<Unit filename="include/Camera.hpp" />
		<Unit filename="include/CollisionManager.hpp" />
		<Unit filename="include/Enemy.hpp" />
		<Unit filename="include/EnemyManager.hpp" />
		<Unit filename="include/Game.hpp" />
		<Unit filename="include/Player.hpp" />
		<Unit filename="include/ResourceManager.hpp" />
		<Unit filename="include/TestResources.hpp" />
		<Unit filename="include/util.hpp" />
		<Unit filename="main.cpp" />
		<Unit filename="src/AnimatedSprite.cpp" />
		<Unit filename="src/Animation.cpp" />
		<Unit filename="src/Arena.cpp" />
		<Unit filename="src/Bullet.cpp" />
		<Unit filename="src/BulletManager.cpp" />
		<Unit filename="src/Camera.cpp" />
		<Unit filename="src/CollisionManager.cpp" />
		<Unit filename="src/Enemy.cpp" />
		<Unit filename="src/EnemyManager.cpp" />
		<Unit filename="src/Game.cpp" />
		<Unit filename="src/Player.cpp" />
		<Unit filename="src/ResourceManager.cpp" />
		<Unit filename="src/TestResources.cpp" />
		<Unit filename="src/util.cpp" />
		<Extensions>
			<DoxyBlocks>
				<comment_style block="0" line="0" />
				<doxyfile_project />
				<doxyfile_build />
				<doxyfile_warnings />
				<doxyfile_output />
				<doxyfile_dot />
				<general />
			</DoxyBlocks>
			<code_completion />
			<envvars />
			<debugger />
			<lib_finder disable_auto="1" />
		</Extensions>
	</Project>
</CodeBlocks_project_file>
